
Microsoft Visual Studio Solution File, Format Version 12.00
# Visual Studio 14
VisualStudioVersion = 14.0.25420.1
MinimumVisualStudioVersion = 10.0.40219.1
Project("{8BC9CEB8-8B4A-11D0-8D11-00A0C91BC942}") = "DBServer", "..\DBServer\Windows\DBServer.vcxproj", "{A53ED232-12D8-4C12-ABC3-202C7BFBA926}"
	ProjectSection(ProjectDependencies) = postProject
		{0DC98A4C-25E4-48E2-B680-F0D6019FB700} = {0DC98A4C-25E4-48E2-B680-F0D6019FB700}
		{123695BF-701F-4FD6-933E-BA3704524829} = {123695BF-701F-4FD6-933E-BA3704524829}
		{0CB394EF-688C-4899-943E-CFD301F91330} = {0CB394EF-688C-4899-943E-CFD301F91330}
	EndProjectSection
EndProject
Project("{8BC9CEB8-8B4A-11D0-8D11-00A0C91BC942}") = "GlobalServer", "..\GlobalServer\Windows\GlobalServer.vcxproj", "{F836D653-197C-4BB5-81B2-F2155ED6F5A4}"
	ProjectSection(ProjectDependencies) = postProject
		{0DC98A4C-25E4-48E2-B680-F0D6019FB700} = {0DC98A4C-25E4-48E2-B680-F0D6019FB700}
		{123695BF-701F-4FD6-933E-BA3704524829} = {123695BF-701F-4FD6-933E-BA3704524829}
	EndProjectSection
EndProject
Project("{8BC9CEB8-8B4A-11D0-8D11-00A0C91BC942}") = "MatchServer", "..\MatchServer\Windows\MatchServer.vcxproj", "{4212F103-38FF-4DB8-9F9C-3853343FD881}"
	ProjectSection(ProjectDependencies) = postProject
		{0DC98A4C-25E4-48E2-B680-F0D6019FB700} = {0DC98A4C-25E4-48E2-B680-F0D6019FB700}
		{123695BF-701F-4FD6-933E-BA3704524829} = {123695BF-701F-4FD6-933E-BA3704524829}
		{0CB394EF-688C-4899-943E-CFD301F91330} = {0CB394EF-688C-4899-943E-CFD301F91330}
	EndProjectSection
EndProject
Project("{8BC9CEB8-8B4A-11D0-8D11-00A0C91BC942}") = "LoginServer", "..\LoginServer\Windows\LoginServer.vcxproj", "{3C769B9B-B0BE-4619-937E-1BF467E62780}"
	ProjectSection(ProjectDependencies) = postProject
		{0DC98A4C-25E4-48E2-B680-F0D6019FB700} = {0DC98A4C-25E4-48E2-B680-F0D6019FB700}
		{123695BF-701F-4FD6-933E-BA3704524829} = {123695BF-701F-4FD6-933E-BA3704524829}
	EndProjectSection
EndProject
Project("{8BC9CEB8-8B4A-11D0-8D11-00A0C91BC942}") = "TownServer", "..\TownServer\Windows\TownServer.vcxproj", "{81660375-6496-4F23-844B-31E5EAF6427D}"
	ProjectSection(ProjectDependencies) = postProject
		{0DC98A4C-25E4-48E2-B680-F0D6019FB700} = {0DC98A4C-25E4-48E2-B680-F0D6019FB700}
		{123695BF-701F-4FD6-933E-BA3704524829} = {123695BF-701F-4FD6-933E-BA3704524829}
	EndProjectSection
EndProject
Project("{8BC9CEB8-8B4A-11D0-8D11-00A0C91BC942}") = "WorldServer", "..\WorldServer\Windows\WorldServer.vcxproj", "{16148164-06FA-4FBB-83BE-6B7FE4434CFB}"
	ProjectSection(ProjectDependencies) = postProject
		{0DC98A4C-25E4-48E2-B680-F0D6019FB700} = {0DC98A4C-25E4-48E2-B680-F0D6019FB700}
		{0CB394EF-688C-4899-943E-CFD301F91330} = {0CB394EF-688C-4899-943E-CFD301F91330}
	EndProjectSection
EndProject
Project("{8BC9CEB8-8B4A-11D0-8D11-00A0C91BC942}") = "TcpServer", "..\TcpServer\Windows\TcpServer.vcxproj", "{87BF0764-DAC9-4127-B58E-A60E815F317D}"
	ProjectSection(ProjectDependencies) = postProject
		{0DC98A4C-25E4-48E2-B680-F0D6019FB700} = {0DC98A4C-25E4-48E2-B680-F0D6019FB700}
		{123695BF-701F-4FD6-933E-BA3704524829} = {123695BF-701F-4FD6-933E-BA3704524829}
	EndProjectSection
EndProject
Project("{8BC9CEB8-8B4A-11D0-8D11-00A0C91BC942}") = "RaceServer", "..\RaceServer\Windows\RaceServer.vcxproj", "{6B9311C1-BDC2-4BA2-BAB1-F1BB44E29CFD}"
	ProjectSection(ProjectDependencies) = postProject
		{0DC98A4C-25E4-48E2-B680-F0D6019FB700} = {0DC98A4C-25E4-48E2-B680-F0D6019FB700}
		{123695BF-701F-4FD6-933E-BA3704524829} = {123695BF-701F-4FD6-933E-BA3704524829}
		{0CB394EF-688C-4899-943E-CFD301F91330} = {0CB394EF-688C-4899-943E-CFD301F91330}
	EndProjectSection
EndProject
Project("{8BC9CEB8-8B4A-11D0-8D11-00A0C91BC942}") = "ServerBase", "..\..\..\Share\ServerBase\ServerBase.vcxproj", "{0DC98A4C-25E4-48E2-B680-F0D6019FB700}"
EndProject
Project("{8BC9CEB8-8B4A-11D0-8D11-00A0C91BC942}") = "TableServer", "..\..\..\Share\Table\TableServer.vcxproj", "{0CB394EF-688C-4899-943E-CFD301F91330}"
EndProject
Project("{8BC9CEB8-8B4A-11D0-8D11-00A0C91BC942}") = "WatchServer", "..\WatchServer\Windows\WatchServer.vcxproj", "{EB42B0FC-05A1-4E40-B632-4B1B89B0D8AF}"
	ProjectSection(ProjectDependencies) = postProject
		{0DC98A4C-25E4-48E2-B680-F0D6019FB700} = {0DC98A4C-25E4-48E2-B680-F0D6019FB700}
		{123695BF-701F-4FD6-933E-BA3704524829} = {123695BF-701F-4FD6-933E-BA3704524829}
	EndProjectSection
EndProject
Project("{8BC9CEB8-8B4A-11D0-8D11-00A0C91BC942}") = "CommonShareServer", "..\..\..\Share\CommonShare\CommonShareServer.vcxproj", "{123695BF-701F-4FD6-933E-BA3704524829}"
EndProject
Project("{8BC9CEB8-8B4A-11D0-8D11-00A0C91BC942}") = "NexusServer", "..\NexusServer\Windows\NexusServer.vcxproj", "{F580B332-8131-4A0B-9608-D4016DFB8EA3}"
	ProjectSection(ProjectDependencies) = postProject
		{0DC98A4C-25E4-48E2-B680-F0D6019FB700} = {0DC98A4C-25E4-48E2-B680-F0D6019FB700}
		{123695BF-701F-4FD6-933E-BA3704524829} = {123695BF-701F-4FD6-933E-BA3704524829}
	EndProjectSection
EndProject
Global
	GlobalSection(SolutionConfigurationPlatforms) = preSolution
		Debug|Durango = Debug|Durango
		Debug|Mixed Platforms = Debug|Mixed Platforms
		Debug|ORBIS = Debug|ORBIS
		Debug|Win32 = Debug|Win32
		Debug|x64 = Debug|x64
		Release|Durango = Release|Durango
		Release|Mixed Platforms = Release|Mixed Platforms
		Release|ORBIS = Release|ORBIS
		Release|Win32 = Release|Win32
		Release|x64 = Release|x64
		ServerDLL|Durango = ServerDLL|Durango
		ServerDLL|Mixed Platforms = ServerDLL|Mixed Platforms
		ServerDLL|ORBIS = ServerDLL|ORBIS
		ServerDLL|Win32 = ServerDLL|Win32
		ServerDLL|x64 = ServerDLL|x64
	EndGlobalSection
	GlobalSection(ProjectConfigurationPlatforms) = postSolution
		{A53ED232-12D8-4C12-ABC3-202C7BFBA926}.Debug|Durango.ActiveCfg = Debug|Win32
		{A53ED232-12D8-4C12-ABC3-202C7BFBA926}.Debug|Mixed Platforms.ActiveCfg = Debug|Win32
		{A53ED232-12D8-4C12-ABC3-202C7BFBA926}.Debug|Mixed Platforms.Build.0 = Debug|Win32
		{A53ED232-12D8-4C12-ABC3-202C7BFBA926}.Debug|ORBIS.ActiveCfg = Debug|Win32
		{A53ED232-12D8-4C12-ABC3-202C7BFBA926}.Debug|Win32.ActiveCfg = Debug|Win32
		{A53ED232-12D8-4C12-ABC3-202C7BFBA926}.Debug|Win32.Build.0 = Debug|Win32
		{A53ED232-12D8-4C12-ABC3-202C7BFBA926}.Debug|x64.ActiveCfg = Debug|x64
		{A53ED232-12D8-4C12-ABC3-202C7BFBA926}.Debug|x64.Build.0 = Debug|x64
		{A53ED232-12D8-4C12-ABC3-202C7BFBA926}.Release|Durango.ActiveCfg = Release|Win32
		{A53ED232-12D8-4C12-ABC3-202C7BFBA926}.Release|Mixed Platforms.ActiveCfg = Release|Win32
		{A53ED232-12D8-4C12-ABC3-202C7BFBA926}.Release|Mixed Platforms.Build.0 = Release|Win32
		{A53ED232-12D8-4C12-ABC3-202C7BFBA926}.Release|ORBIS.ActiveCfg = Release|Win32
		{A53ED232-12D8-4C12-ABC3-202C7BFBA926}.Release|Win32.ActiveCfg = Release|Win32
		{A53ED232-12D8-4C12-ABC3-202C7BFBA926}.Release|Win32.Build.0 = Release|Win32
		{A53ED232-12D8-4C12-ABC3-202C7BFBA926}.Release|x64.ActiveCfg = Release|x64
		{A53ED232-12D8-4C12-ABC3-202C7BFBA926}.Release|x64.Build.0 = Release|x64
		{A53ED232-12D8-4C12-ABC3-202C7BFBA926}.ServerDLL|Durango.ActiveCfg = Release|x64
		{A53ED232-12D8-4C12-ABC3-202C7BFBA926}.ServerDLL|Durango.Build.0 = Release|x64
		{A53ED232-12D8-4C12-ABC3-202C7BFBA926}.ServerDLL|Mixed Platforms.ActiveCfg = Release|Win32
		{A53ED232-12D8-4C12-ABC3-202C7BFBA926}.ServerDLL|Mixed Platforms.Build.0 = Release|Win32
		{A53ED232-12D8-4C12-ABC3-202C7BFBA926}.ServerDLL|ORBIS.ActiveCfg = Release|x64
		{A53ED232-12D8-4C12-ABC3-202C7BFBA926}.ServerDLL|ORBIS.Build.0 = Release|x64
		{A53ED232-12D8-4C12-ABC3-202C7BFBA926}.ServerDLL|Win32.ActiveCfg = Release|Win32
		{A53ED232-12D8-4C12-ABC3-202C7BFBA926}.ServerDLL|Win32.Build.0 = Release|Win32
		{A53ED232-12D8-4C12-ABC3-202C7BFBA926}.ServerDLL|x64.ActiveCfg = Release|x64
		{A53ED232-12D8-4C12-ABC3-202C7BFBA926}.ServerDLL|x64.Build.0 = Release|x64
		{F836D653-197C-4BB5-81B2-F2155ED6F5A4}.Debug|Durango.ActiveCfg = Debug|Win32
		{F836D653-197C-4BB5-81B2-F2155ED6F5A4}.Debug|Mixed Platforms.ActiveCfg = Debug|Win32
		{F836D653-197C-4BB5-81B2-F2155ED6F5A4}.Debug|Mixed Platforms.Build.0 = Debug|Win32
		{F836D653-197C-4BB5-81B2-F2155ED6F5A4}.Debug|ORBIS.ActiveCfg = Debug|Win32
		{F836D653-197C-4BB5-81B2-F2155ED6F5A4}.Debug|Win32.ActiveCfg = Debug|Win32
		{F836D653-197C-4BB5-81B2-F2155ED6F5A4}.Debug|Win32.Build.0 = Debug|Win32
		{F836D653-197C-4BB5-81B2-F2155ED6F5A4}.Debug|x64.ActiveCfg = Debug|x64
		{F836D653-197C-4BB5-81B2-F2155ED6F5A4}.Debug|x64.Build.0 = Debug|x64
		{F836D653-197C-4BB5-81B2-F2155ED6F5A4}.Release|Durango.ActiveCfg = Release|Win32
		{F836D653-197C-4BB5-81B2-F2155ED6F5A4}.Release|Mixed Platforms.ActiveCfg = Release|Win32
		{F836D653-197C-4BB5-81B2-F2155ED6F5A4}.Release|Mixed Platforms.Build.0 = Release|Win32
		{F836D653-197C-4BB5-81B2-F2155ED6F5A4}.Release|ORBIS.ActiveCfg = Release|Win32
		{F836D653-197C-4BB5-81B2-F2155ED6F5A4}.Release|Win32.ActiveCfg = Release|Win32
		{F836D653-197C-4BB5-81B2-F2155ED6F5A4}.Release|Win32.Build.0 = Release|Win32
		{F836D653-197C-4BB5-81B2-F2155ED6F5A4}.Release|x64.ActiveCfg = Release|x64
		{F836D653-197C-4BB5-81B2-F2155ED6F5A4}.Release|x64.Build.0 = Release|x64
		{F836D653-197C-4BB5-81B2-F2155ED6F5A4}.ServerDLL|Durango.ActiveCfg = Release|x64
		{F836D653-197C-4BB5-81B2-F2155ED6F5A4}.ServerDLL|Durango.Build.0 = Release|x64
		{F836D653-197C-4BB5-81B2-F2155ED6F5A4}.ServerDLL|Mixed Platforms.ActiveCfg = Release|Win32
		{F836D653-197C-4BB5-81B2-F2155ED6F5A4}.ServerDLL|Mixed Platforms.Build.0 = Release|Win32
		{F836D653-197C-4BB5-81B2-F2155ED6F5A4}.ServerDLL|ORBIS.ActiveCfg = Release|x64
		{F836D653-197C-4BB5-81B2-F2155ED6F5A4}.ServerDLL|ORBIS.Build.0 = Release|x64
		{F836D653-197C-4BB5-81B2-F2155ED6F5A4}.ServerDLL|Win32.ActiveCfg = Release|Win32
		{F836D653-197C-4BB5-81B2-F2155ED6F5A4}.ServerDLL|Win32.Build.0 = Release|Win32
		{F836D653-197C-4BB5-81B2-F2155ED6F5A4}.ServerDLL|x64.ActiveCfg = Release|x64
		{F836D653-197C-4BB5-81B2-F2155ED6F5A4}.ServerDLL|x64.Build.0 = Release|x64
		{4212F103-38FF-4DB8-9F9C-3853343FD881}.Debug|Durango.ActiveCfg = Debug|Win32
		{4212F103-38FF-4DB8-9F9C-3853343FD881}.Debug|Mixed Platforms.ActiveCfg = Debug|Win32
		{4212F103-38FF-4DB8-9F9C-3853343FD881}.Debug|Mixed Platforms.Build.0 = Debug|Win32
		{4212F103-38FF-4DB8-9F9C-3853343FD881}.Debug|ORBIS.ActiveCfg = Debug|Win32
		{4212F103-38FF-4DB8-9F9C-3853343FD881}.Debug|Win32.ActiveCfg = Debug|Win32
		{4212F103-38FF-4DB8-9F9C-3853343FD881}.Debug|Win32.Build.0 = Debug|Win32
		{4212F103-38FF-4DB8-9F9C-3853343FD881}.Debug|x64.ActiveCfg = Debug|x64
		{4212F103-38FF-4DB8-9F9C-3853343FD881}.Debug|x64.Build.0 = Debug|x64
		{4212F103-38FF-4DB8-9F9C-3853343FD881}.Release|Durango.ActiveCfg = Release|Win32
		{4212F103-38FF-4DB8-9F9C-3853343FD881}.Release|Mixed Platforms.ActiveCfg = Release|Win32
		{4212F103-38FF-4DB8-9F9C-3853343FD881}.Release|Mixed Platforms.Build.0 = Release|Win32
		{4212F103-38FF-4DB8-9F9C-3853343FD881}.Release|ORBIS.ActiveCfg = Release|Win32
		{4212F103-38FF-4DB8-9F9C-3853343FD881}.Release|Win32.ActiveCfg = Release|Win32
		{4212F103-38FF-4DB8-9F9C-3853343FD881}.Release|Win32.Build.0 = Release|Win32
		{4212F103-38FF-4DB8-9F9C-3853343FD881}.Release|x64.ActiveCfg = Release|x64
		{4212F103-38FF-4DB8-9F9C-3853343FD881}.Release|x64.Build.0 = Release|x64
		{4212F103-38FF-4DB8-9F9C-3853343FD881}.ServerDLL|Durango.ActiveCfg = Release|x64
		{4212F103-38FF-4DB8-9F9C-3853343FD881}.ServerDLL|Durango.Build.0 = Release|x64
		{4212F103-38FF-4DB8-9F9C-3853343FD881}.ServerDLL|Mixed Platforms.ActiveCfg = Release|Win32
		{4212F103-38FF-4DB8-9F9C-3853343FD881}.ServerDLL|Mixed Platforms.Build.0 = Release|Win32
		{4212F103-38FF-4DB8-9F9C-3853343FD881}.ServerDLL|ORBIS.ActiveCfg = Release|x64
		{4212F103-38FF-4DB8-9F9C-3853343FD881}.ServerDLL|ORBIS.Build.0 = Release|x64
		{4212F103-38FF-4DB8-9F9C-3853343FD881}.ServerDLL|Win32.ActiveCfg = Release|Win32
		{4212F103-38FF-4DB8-9F9C-3853343FD881}.ServerDLL|Win32.Build.0 = Release|Win32
		{4212F103-38FF-4DB8-9F9C-3853343FD881}.ServerDLL|x64.ActiveCfg = Release|x64
		{4212F103-38FF-4DB8-9F9C-3853343FD881}.ServerDLL|x64.Build.0 = Release|x64
		{3C769B9B-B0BE-4619-937E-1BF467E62780}.Debug|Durango.ActiveCfg = Debug|Win32
		{3C769B9B-B0BE-4619-937E-1BF467E62780}.Debug|Mixed Platforms.ActiveCfg = Debug|Win32
		{3C769B9B-B0BE-4619-937E-1BF467E62780}.Debug|Mixed Platforms.Build.0 = Debug|Win32
		{3C769B9B-B0BE-4619-937E-1BF467E62780}.Debug|ORBIS.ActiveCfg = Debug|Win32
		{3C769B9B-B0BE-4619-937E-1BF467E62780}.Debug|Win32.ActiveCfg = Debug|Win32
		{3C769B9B-B0BE-4619-937E-1BF467E62780}.Debug|Win32.Build.0 = Debug|Win32
		{3C769B9B-B0BE-4619-937E-1BF467E62780}.Debug|x64.ActiveCfg = Debug|x64
		{3C769B9B-B0BE-4619-937E-1BF467E62780}.Debug|x64.Build.0 = Debug|x64
		{3C769B9B-B0BE-4619-937E-1BF467E62780}.Release|Durango.ActiveCfg = Release|Win32
		{3C769B9B-B0BE-4619-937E-1BF467E62780}.Release|Mixed Platforms.ActiveCfg = Release|Win32
		{3C769B9B-B0BE-4619-937E-1BF467E62780}.Release|Mixed Platforms.Build.0 = Release|Win32
		{3C769B9B-B0BE-4619-937E-1BF467E62780}.Release|ORBIS.ActiveCfg = Release|Win32
		{3C769B9B-B0BE-4619-937E-1BF467E62780}.Release|Win32.ActiveCfg = Release|Win32
		{3C769B9B-B0BE-4619-937E-1BF467E62780}.Release|Win32.Build.0 = Release|Win32
		{3C769B9B-B0BE-4619-937E-1BF467E62780}.Release|x64.ActiveCfg = Release|x64
		{3C769B9B-B0BE-4619-937E-1BF467E62780}.Release|x64.Build.0 = Release|x64
		{3C769B9B-B0BE-4619-937E-1BF467E62780}.ServerDLL|Durango.ActiveCfg = Release|x64
		{3C769B9B-B0BE-4619-937E-1BF467E62780}.ServerDLL|Durango.Build.0 = Release|x64
		{3C769B9B-B0BE-4619-937E-1BF467E62780}.ServerDLL|Mixed Platforms.ActiveCfg = Release|Win32
		{3C769B9B-B0BE-4619-937E-1BF467E62780}.ServerDLL|Mixed Platforms.Build.0 = Release|Win32
		{3C769B9B-B0BE-4619-937E-1BF467E62780}.ServerDLL|ORBIS.ActiveCfg = Release|x64
		{3C769B9B-B0BE-4619-937E-1BF467E62780}.ServerDLL|ORBIS.Build.0 = Release|x64
		{3C769B9B-B0BE-4619-937E-1BF467E62780}.ServerDLL|Win32.ActiveCfg = Release|Win32
		{3C769B9B-B0BE-4619-937E-1BF467E62780}.ServerDLL|Win32.Build.0 = Release|Win32
		{3C769B9B-B0BE-4619-937E-1BF467E62780}.ServerDLL|x64.ActiveCfg = Release|x64
		{3C769B9B-B0BE-4619-937E-1BF467E62780}.ServerDLL|x64.Build.0 = Release|x64
		{81660375-6496-4F23-844B-31E5EAF6427D}.Debug|Durango.ActiveCfg = Debug|Win32
		{81660375-6496-4F23-844B-31E5EAF6427D}.Debug|Mixed Platforms.ActiveCfg = Debug|Win32
		{81660375-6496-4F23-844B-31E5EAF6427D}.Debug|Mixed Platforms.Build.0 = Debug|Win32
		{81660375-6496-4F23-844B-31E5EAF6427D}.Debug|ORBIS.ActiveCfg = Debug|Win32
		{81660375-6496-4F23-844B-31E5EAF6427D}.Debug|Win32.ActiveCfg = Debug|Win32
		{81660375-6496-4F23-844B-31E5EAF6427D}.Debug|Win32.Build.0 = Debug|Win32
		{81660375-6496-4F23-844B-31E5EAF6427D}.Debug|x64.ActiveCfg = Debug|x64
		{81660375-6496-4F23-844B-31E5EAF6427D}.Debug|x64.Build.0 = Debug|x64
		{81660375-6496-4F23-844B-31E5EAF6427D}.Release|Durango.ActiveCfg = Release|Win32
		{81660375-6496-4F23-844B-31E5EAF6427D}.Release|Mixed Platforms.ActiveCfg = Release|Win32
		{81660375-6496-4F23-844B-31E5EAF6427D}.Release|Mixed Platforms.Build.0 = Release|Win32
		{81660375-6496-4F23-844B-31E5EAF6427D}.Release|ORBIS.ActiveCfg = Release|Win32
		{81660375-6496-4F23-844B-31E5EAF6427D}.Release|Win32.ActiveCfg = Release|Win32
		{81660375-6496-4F23-844B-31E5EAF6427D}.Release|Win32.Build.0 = Release|Win32
		{81660375-6496-4F23-844B-31E5EAF6427D}.Release|x64.ActiveCfg = Release|x64
		{81660375-6496-4F23-844B-31E5EAF6427D}.Release|x64.Build.0 = Release|x64
		{81660375-6496-4F23-844B-31E5EAF6427D}.ServerDLL|Durango.ActiveCfg = Release|x64
		{81660375-6496-4F23-844B-31E5EAF6427D}.ServerDLL|Durango.Build.0 = Release|x64
		{81660375-6496-4F23-844B-31E5EAF6427D}.ServerDLL|Mixed Platforms.ActiveCfg = Release|Win32
		{81660375-6496-4F23-844B-31E5EAF6427D}.ServerDLL|Mixed Platforms.Build.0 = Release|Win32
		{81660375-6496-4F23-844B-31E5EAF6427D}.ServerDLL|ORBIS.ActiveCfg = Release|x64
		{81660375-6496-4F23-844B-31E5EAF6427D}.ServerDLL|ORBIS.Build.0 = Release|x64
		{81660375-6496-4F23-844B-31E5EAF6427D}.ServerDLL|Win32.ActiveCfg = Release|Win32
		{81660375-6496-4F23-844B-31E5EAF6427D}.ServerDLL|Win32.Build.0 = Release|Win32
		{81660375-6496-4F23-844B-31E5EAF6427D}.ServerDLL|x64.ActiveCfg = Release|x64
		{81660375-6496-4F23-844B-31E5EAF6427D}.ServerDLL|x64.Build.0 = Release|x64
		{16148164-06FA-4FBB-83BE-6B7FE4434CFB}.Debug|Durango.ActiveCfg = Debug|Win32
		{16148164-06FA-4FBB-83BE-6B7FE4434CFB}.Debug|Mixed Platforms.ActiveCfg = Debug|Win32
		{16148164-06FA-4FBB-83BE-6B7FE4434CFB}.Debug|Mixed Platforms.Build.0 = Debug|Win32
		{16148164-06FA-4FBB-83BE-6B7FE4434CFB}.Debug|ORBIS.ActiveCfg = Debug|Win32
		{16148164-06FA-4FBB-83BE-6B7FE4434CFB}.Debug|Win32.ActiveCfg = Debug|Win32
		{16148164-06FA-4FBB-83BE-6B7FE4434CFB}.Debug|Win32.Build.0 = Debug|Win32
		{16148164-06FA-4FBB-83BE-6B7FE4434CFB}.Debug|x64.ActiveCfg = Debug|x64
		{16148164-06FA-4FBB-83BE-6B7FE4434CFB}.Debug|x64.Build.0 = Debug|x64
		{16148164-06FA-4FBB-83BE-6B7FE4434CFB}.Release|Durango.ActiveCfg = Release|Win32
		{16148164-06FA-4FBB-83BE-6B7FE4434CFB}.Release|Mixed Platforms.ActiveCfg = Release|Win32
		{16148164-06FA-4FBB-83BE-6B7FE4434CFB}.Release|Mixed Platforms.Build.0 = Release|Win32
		{16148164-06FA-4FBB-83BE-6B7FE4434CFB}.Release|ORBIS.ActiveCfg = Release|Win32
		{16148164-06FA-4FBB-83BE-6B7FE4434CFB}.Release|Win32.ActiveCfg = Release|Win32
		{16148164-06FA-4FBB-83BE-6B7FE4434CFB}.Release|Win32.Build.0 = Release|Win32
		{16148164-06FA-4FBB-83BE-6B7FE4434CFB}.Release|x64.ActiveCfg = Release|x64
		{16148164-06FA-4FBB-83BE-6B7FE4434CFB}.Release|x64.Build.0 = Release|x64
		{16148164-06FA-4FBB-83BE-6B7FE4434CFB}.ServerDLL|Durango.ActiveCfg = Release|x64
		{16148164-06FA-4FBB-83BE-6B7FE4434CFB}.ServerDLL|Durango.Build.0 = Release|x64
		{16148164-06FA-4FBB-83BE-6B7FE4434CFB}.ServerDLL|Mixed Platforms.ActiveCfg = Release|Win32
		{16148164-06FA-4FBB-83BE-6B7FE4434CFB}.ServerDLL|Mixed Platforms.Build.0 = Release|Win32
		{16148164-06FA-4FBB-83BE-6B7FE4434CFB}.ServerDLL|ORBIS.ActiveCfg = Release|x64
		{16148164-06FA-4FBB-83BE-6B7FE4434CFB}.ServerDLL|ORBIS.Build.0 = Release|x64
		{16148164-06FA-4FBB-83BE-6B7FE4434CFB}.ServerDLL|Win32.ActiveCfg = Release|Win32
		{16148164-06FA-4FBB-83BE-6B7FE4434CFB}.ServerDLL|Win32.Build.0 = Release|Win32
		{16148164-06FA-4FBB-83BE-6B7FE4434CFB}.ServerDLL|x64.ActiveCfg = Release|x64
		{16148164-06FA-4FBB-83BE-6B7FE4434CFB}.ServerDLL|x64.Build.0 = Release|x64
		{87BF0764-DAC9-4127-B58E-A60E815F317D}.Debug|Durango.ActiveCfg = Debug|Win32
		{87BF0764-DAC9-4127-B58E-A60E815F317D}.Debug|Mixed Platforms.ActiveCfg = Debug|Win32
		{87BF0764-DAC9-4127-B58E-A60E815F317D}.Debug|Mixed Platforms.Build.0 = Debug|Win32
		{87BF0764-DAC9-4127-B58E-A60E815F317D}.Debug|ORBIS.ActiveCfg = Debug|Win32
		{87BF0764-DAC9-4127-B58E-A60E815F317D}.Debug|Win32.ActiveCfg = Debug|Win32
		{87BF0764-DAC9-4127-B58E-A60E815F317D}.Debug|Win32.Build.0 = Debug|Win32
		{87BF0764-DAC9-4127-B58E-A60E815F317D}.Debug|x64.ActiveCfg = Debug|x64
		{87BF0764-DAC9-4127-B58E-A60E815F317D}.Debug|x64.Build.0 = Debug|x64
		{87BF0764-DAC9-4127-B58E-A60E815F317D}.Release|Durango.ActiveCfg = Release|Win32
		{87BF0764-DAC9-4127-B58E-A60E815F317D}.Release|Mixed Platforms.ActiveCfg = Release|Win32
		{87BF0764-DAC9-4127-B58E-A60E815F317D}.Release|Mixed Platforms.Build.0 = Release|Win32
		{87BF0764-DAC9-4127-B58E-A60E815F317D}.Release|ORBIS.ActiveCfg = Release|Win32
		{87BF0764-DAC9-4127-B58E-A60E815F317D}.Release|Win32.ActiveCfg = Release|Win32
		{87BF0764-DAC9-4127-B58E-A60E815F317D}.Release|Win32.Build.0 = Release|Win32
		{87BF0764-DAC9-4127-B58E-A60E815F317D}.Release|x64.ActiveCfg = Release|x64
		{87BF0764-DAC9-4127-B58E-A60E815F317D}.Release|x64.Build.0 = Release|x64
		{87BF0764-DAC9-4127-B58E-A60E815F317D}.ServerDLL|Durango.ActiveCfg = Release|x64
		{87BF0764-DAC9-4127-B58E-A60E815F317D}.ServerDLL|Durango.Build.0 = Release|x64
		{87BF0764-DAC9-4127-B58E-A60E815F317D}.ServerDLL|Mixed Platforms.ActiveCfg = Release|Win32
		{87BF0764-DAC9-4127-B58E-A60E815F317D}.ServerDLL|Mixed Platforms.Build.0 = Release|Win32
		{87BF0764-DAC9-4127-B58E-A60E815F317D}.ServerDLL|ORBIS.ActiveCfg = Release|x64
		{87BF0764-DAC9-4127-B58E-A60E815F317D}.ServerDLL|ORBIS.Build.0 = Release|x64
		{87BF0764-DAC9-4127-B58E-A60E815F317D}.ServerDLL|Win32.ActiveCfg = Release|Win32
		{87BF0764-DAC9-4127-B58E-A60E815F317D}.ServerDLL|Win32.Build.0 = Release|Win32
		{87BF0764-DAC9-4127-B58E-A60E815F317D}.ServerDLL|x64.ActiveCfg = Release|x64
		{87BF0764-DAC9-4127-B58E-A60E815F317D}.ServerDLL|x64.Build.0 = Release|x64
		{6B9311C1-BDC2-4BA2-BAB1-F1BB44E29CFD}.Debug|Durango.ActiveCfg = Debug|Win32
		{6B9311C1-BDC2-4BA2-BAB1-F1BB44E29CFD}.Debug|Mixed Platforms.ActiveCfg = Debug|Win32
		{6B9311C1-BDC2-4BA2-BAB1-F1BB44E29CFD}.Debug|Mixed Platforms.Build.0 = Debug|Win32
		{6B9311C1-BDC2-4BA2-BAB1-F1BB44E29CFD}.Debug|ORBIS.ActiveCfg = Debug|Win32
		{6B9311C1-BDC2-4BA2-BAB1-F1BB44E29CFD}.Debug|Win32.ActiveCfg = Debug|Win32
		{6B9311C1-BDC2-4BA2-BAB1-F1BB44E29CFD}.Debug|Win32.Build.0 = Debug|Win32
		{6B9311C1-BDC2-4BA2-BAB1-F1BB44E29CFD}.Debug|x64.ActiveCfg = Debug|x64
		{6B9311C1-BDC2-4BA2-BAB1-F1BB44E29CFD}.Debug|x64.Build.0 = Debug|x64
		{6B9311C1-BDC2-4BA2-BAB1-F1BB44E29CFD}.Release|Durango.ActiveCfg = Release|Win32
		{6B9311C1-BDC2-4BA2-BAB1-F1BB44E29CFD}.Release|Mixed Platforms.ActiveCfg = Release|Win32
		{6B9311C1-BDC2-4BA2-BAB1-F1BB44E29CFD}.Release|Mixed Platforms.Build.0 = Release|Win32
		{6B9311C1-BDC2-4BA2-BAB1-F1BB44E29CFD}.Release|ORBIS.ActiveCfg = Release|Win32
		{6B9311C1-BDC2-4BA2-BAB1-F1BB44E29CFD}.Release|Win32.ActiveCfg = Release|Win32
		{6B9311C1-BDC2-4BA2-BAB1-F1BB44E29CFD}.Release|Win32.Build.0 = Release|Win32
		{6B9311C1-BDC2-4BA2-BAB1-F1BB44E29CFD}.Release|x64.ActiveCfg = Release|x64
		{6B9311C1-BDC2-4BA2-BAB1-F1BB44E29CFD}.Release|x64.Build.0 = Release|x64
		{6B9311C1-BDC2-4BA2-BAB1-F1BB44E29CFD}.ServerDLL|Durango.ActiveCfg = Release|x64
		{6B9311C1-BDC2-4BA2-BAB1-F1BB44E29CFD}.ServerDLL|Durango.Build.0 = Release|x64
		{6B9311C1-BDC2-4BA2-BAB1-F1BB44E29CFD}.ServerDLL|Mixed Platforms.ActiveCfg = Release|Win32
		{6B9311C1-BDC2-4BA2-BAB1-F1BB44E29CFD}.ServerDLL|Mixed Platforms.Build.0 = Release|Win32
		{6B9311C1-BDC2-4BA2-BAB1-F1BB44E29CFD}.ServerDLL|ORBIS.ActiveCfg = Release|x64
		{6B9311C1-BDC2-4BA2-BAB1-F1BB44E29CFD}.ServerDLL|ORBIS.Build.0 = Release|x64
		{6B9311C1-BDC2-4BA2-BAB1-F1BB44E29CFD}.ServerDLL|Win32.ActiveCfg = Release|Win32
		{6B9311C1-BDC2-4BA2-BAB1-F1BB44E29CFD}.ServerDLL|Win32.Build.0 = Release|Win32
		{6B9311C1-BDC2-4BA2-BAB1-F1BB44E29CFD}.ServerDLL|x64.ActiveCfg = Release|x64
		{6B9311C1-BDC2-4BA2-BAB1-F1BB44E29CFD}.ServerDLL|x64.Build.0 = Release|x64
		{0DC98A4C-25E4-48E2-B680-F0D6019FB700}.Debug|Durango.ActiveCfg = Debug|Win32
		{0DC98A4C-25E4-48E2-B680-F0D6019FB700}.Debug|Mixed Platforms.ActiveCfg = Debug|Win32
		{0DC98A4C-25E4-48E2-B680-F0D6019FB700}.Debug|Mixed Platforms.Build.0 = Debug|Win32
		{0DC98A4C-25E4-48E2-B680-F0D6019FB700}.Debug|ORBIS.ActiveCfg = Debug|Win32
		{0DC98A4C-25E4-48E2-B680-F0D6019FB700}.Debug|Win32.ActiveCfg = Debug|Win32
		{0DC98A4C-25E4-48E2-B680-F0D6019FB700}.Debug|Win32.Build.0 = Debug|Win32
		{0DC98A4C-25E4-48E2-B680-F0D6019FB700}.Debug|x64.ActiveCfg = Debug|x64
		{0DC98A4C-25E4-48E2-B680-F0D6019FB700}.Debug|x64.Build.0 = Debug|x64
		{0DC98A4C-25E4-48E2-B680-F0D6019FB700}.Release|Durango.ActiveCfg = Release|Win32
		{0DC98A4C-25E4-48E2-B680-F0D6019FB700}.Release|Mixed Platforms.ActiveCfg = Release|Win32
		{0DC98A4C-25E4-48E2-B680-F0D6019FB700}.Release|Mixed Platforms.Build.0 = Release|Win32
		{0DC98A4C-25E4-48E2-B680-F0D6019FB700}.Release|ORBIS.ActiveCfg = Release|Win32
		{0DC98A4C-25E4-48E2-B680-F0D6019FB700}.Release|Win32.ActiveCfg = Release|Win32
		{0DC98A4C-25E4-48E2-B680-F0D6019FB700}.Release|Win32.Build.0 = Release|Win32
		{0DC98A4C-25E4-48E2-B680-F0D6019FB700}.Release|x64.ActiveCfg = Release|x64
		{0DC98A4C-25E4-48E2-B680-F0D6019FB700}.Release|x64.Build.0 = Release|x64
		{0DC98A4C-25E4-48E2-B680-F0D6019FB700}.ServerDLL|Durango.ActiveCfg = Release|x64
		{0DC98A4C-25E4-48E2-B680-F0D6019FB700}.ServerDLL|Durango.Build.0 = Release|x64
		{0DC98A4C-25E4-48E2-B680-F0D6019FB700}.ServerDLL|Mixed Platforms.ActiveCfg = Release|Win32
		{0DC98A4C-25E4-48E2-B680-F0D6019FB700}.ServerDLL|Mixed Platforms.Build.0 = Release|Win32
		{0DC98A4C-25E4-48E2-B680-F0D6019FB700}.ServerDLL|ORBIS.ActiveCfg = Release|x64
		{0DC98A4C-25E4-48E2-B680-F0D6019FB700}.ServerDLL|ORBIS.Build.0 = Release|x64
		{0DC98A4C-25E4-48E2-B680-F0D6019FB700}.ServerDLL|Win32.ActiveCfg = Release|Win32
		{0DC98A4C-25E4-48E2-B680-F0D6019FB700}.ServerDLL|Win32.Build.0 = Release|Win32
		{0DC98A4C-25E4-48E2-B680-F0D6019FB700}.ServerDLL|x64.ActiveCfg = Release|x64
		{0DC98A4C-25E4-48E2-B680-F0D6019FB700}.ServerDLL|x64.Build.0 = Release|x64
		{0CB394EF-688C-4899-943E-CFD301F91330}.Debug|Durango.ActiveCfg = Debug|Durango
		{0CB394EF-688C-4899-943E-CFD301F91330}.Debug|Durango.Build.0 = Debug|Durango
		{0CB394EF-688C-4899-943E-CFD301F91330}.Debug|Mixed Platforms.ActiveCfg = Debug|Win32
		{0CB394EF-688C-4899-943E-CFD301F91330}.Debug|Mixed Platforms.Build.0 = Debug|Win32
		{0CB394EF-688C-4899-943E-CFD301F91330}.Debug|ORBIS.ActiveCfg = Debug|Win32
		{0CB394EF-688C-4899-943E-CFD301F91330}.Debug|Win32.ActiveCfg = Debug|Win32
		{0CB394EF-688C-4899-943E-CFD301F91330}.Debug|Win32.Build.0 = Debug|Win32
		{0CB394EF-688C-4899-943E-CFD301F91330}.Debug|x64.ActiveCfg = Debug|x64
		{0CB394EF-688C-4899-943E-CFD301F91330}.Debug|x64.Build.0 = Debug|x64
		{0CB394EF-688C-4899-943E-CFD301F91330}.Release|Durango.ActiveCfg = Release|Durango
		{0CB394EF-688C-4899-943E-CFD301F91330}.Release|Durango.Build.0 = Release|Durango
		{0CB394EF-688C-4899-943E-CFD301F91330}.Release|Mixed Platforms.ActiveCfg = Release|Win32
		{0CB394EF-688C-4899-943E-CFD301F91330}.Release|Mixed Platforms.Build.0 = Release|Win32
		{0CB394EF-688C-4899-943E-CFD301F91330}.Release|ORBIS.ActiveCfg = Release|Win32
		{0CB394EF-688C-4899-943E-CFD301F91330}.Release|Win32.ActiveCfg = Release|Win32
		{0CB394EF-688C-4899-943E-CFD301F91330}.Release|Win32.Build.0 = Release|Win32
		{0CB394EF-688C-4899-943E-CFD301F91330}.Release|x64.ActiveCfg = Release|x64
		{0CB394EF-688C-4899-943E-CFD301F91330}.Release|x64.Build.0 = Release|x64
		{0CB394EF-688C-4899-943E-CFD301F91330}.ServerDLL|Durango.ActiveCfg = Release|Durango
		{0CB394EF-688C-4899-943E-CFD301F91330}.ServerDLL|Durango.Build.0 = Release|Durango
		{0CB394EF-688C-4899-943E-CFD301F91330}.ServerDLL|Mixed Platforms.ActiveCfg = Release|Win32
		{0CB394EF-688C-4899-943E-CFD301F91330}.ServerDLL|Mixed Platforms.Build.0 = Release|Win32
		{0CB394EF-688C-4899-943E-CFD301F91330}.ServerDLL|ORBIS.ActiveCfg = Release|Durango
		{0CB394EF-688C-4899-943E-CFD301F91330}.ServerDLL|ORBIS.Build.0 = Release|Durango
		{0CB394EF-688C-4899-943E-CFD301F91330}.ServerDLL|Win32.ActiveCfg = Release|Win32
		{0CB394EF-688C-4899-943E-CFD301F91330}.ServerDLL|Win32.Build.0 = Release|Win32
		{0CB394EF-688C-4899-943E-CFD301F91330}.ServerDLL|x64.ActiveCfg = Release|x64
		{0CB394EF-688C-4899-943E-CFD301F91330}.ServerDLL|x64.Build.0 = Release|x64
		{EB42B0FC-05A1-4E40-B632-4B1B89B0D8AF}.Debug|Durango.ActiveCfg = Debug|Win32
		{EB42B0FC-05A1-4E40-B632-4B1B89B0D8AF}.Debug|Mixed Platforms.ActiveCfg = Debug|Win32
		{EB42B0FC-05A1-4E40-B632-4B1B89B0D8AF}.Debug|Mixed Platforms.Build.0 = Debug|Win32
		{EB42B0FC-05A1-4E40-B632-4B1B89B0D8AF}.Debug|ORBIS.ActiveCfg = Debug|Win32
		{EB42B0FC-05A1-4E40-B632-4B1B89B0D8AF}.Debug|Win32.ActiveCfg = Debug|Win32
		{EB42B0FC-05A1-4E40-B632-4B1B89B0D8AF}.Debug|Win32.Build.0 = Debug|Win32
		{EB42B0FC-05A1-4E40-B632-4B1B89B0D8AF}.Debug|x64.ActiveCfg = Debug|x64
		{EB42B0FC-05A1-4E40-B632-4B1B89B0D8AF}.Debug|x64.Build.0 = Debug|x64
		{EB42B0FC-05A1-4E40-B632-4B1B89B0D8AF}.Release|Durango.ActiveCfg = Release|Win32
		{EB42B0FC-05A1-4E40-B632-4B1B89B0D8AF}.Release|Mixed Platforms.ActiveCfg = Release|Win32
		{EB42B0FC-05A1-4E40-B632-4B1B89B0D8AF}.Release|Mixed Platforms.Build.0 = Release|Win32
		{EB42B0FC-05A1-4E40-B632-4B1B89B0D8AF}.Release|ORBIS.ActiveCfg = Release|Win32
		{EB42B0FC-05A1-4E40-B632-4B1B89B0D8AF}.Release|Win32.ActiveCfg = Release|Win32
		{EB42B0FC-05A1-4E40-B632-4B1B89B0D8AF}.Release|Win32.Build.0 = Release|Win32
		{EB42B0FC-05A1-4E40-B632-4B1B89B0D8AF}.Release|x64.ActiveCfg = Release|x64
		{EB42B0FC-05A1-4E40-B632-4B1B89B0D8AF}.Release|x64.Build.0 = Release|x64
		{EB42B0FC-05A1-4E40-B632-4B1B89B0D8AF}.ServerDLL|Durango.ActiveCfg = Release|x64
		{EB42B0FC-05A1-4E40-B632-4B1B89B0D8AF}.ServerDLL|Durango.Build.0 = Release|x64
		{EB42B0FC-05A1-4E40-B632-4B1B89B0D8AF}.ServerDLL|Mixed Platforms.ActiveCfg = Release|Win32
		{EB42B0FC-05A1-4E40-B632-4B1B89B0D8AF}.ServerDLL|Mixed Platforms.Build.0 = Release|Win32
		{EB42B0FC-05A1-4E40-B632-4B1B89B0D8AF}.ServerDLL|ORBIS.ActiveCfg = Release|x64
		{EB42B0FC-05A1-4E40-B632-4B1B89B0D8AF}.ServerDLL|ORBIS.Build.0 = Release|x64
		{EB42B0FC-05A1-4E40-B632-4B1B89B0D8AF}.ServerDLL|Win32.ActiveCfg = Release|Win32
		{EB42B0FC-05A1-4E40-B632-4B1B89B0D8AF}.ServerDLL|Win32.Build.0 = Release|Win32
		{EB42B0FC-05A1-4E40-B632-4B1B89B0D8AF}.ServerDLL|x64.ActiveCfg = Release|x64
		{EB42B0FC-05A1-4E40-B632-4B1B89B0D8AF}.ServerDLL|x64.Build.0 = Release|x64
		{123695BF-701F-4FD6-933E-BA3704524829}.Debug|Durango.ActiveCfg = Debug|Durango
		{123695BF-701F-4FD6-933E-BA3704524829}.Debug|Durango.Build.0 = Debug|Durango
		{123695BF-701F-4FD6-933E-BA3704524829}.Debug|Mixed Platforms.ActiveCfg = Debug|Win32
		{123695BF-701F-4FD6-933E-BA3704524829}.Debug|Mixed Platforms.Build.0 = Debug|Win32
		{123695BF-701F-4FD6-933E-BA3704524829}.Debug|ORBIS.ActiveCfg = Debug|Win32
		{123695BF-701F-4FD6-933E-BA3704524829}.Debug|Win32.ActiveCfg = Debug|Win32
		{123695BF-701F-4FD6-933E-BA3704524829}.Debug|Win32.Build.0 = Debug|Win32
		{123695BF-701F-4FD6-933E-BA3704524829}.Debug|x64.ActiveCfg = Debug|x64
		{123695BF-701F-4FD6-933E-BA3704524829}.Debug|x64.Build.0 = Debug|x64
		{123695BF-701F-4FD6-933E-BA3704524829}.Debug|x64.Deploy.0 = Debug|x64
		{123695BF-701F-4FD6-933E-BA3704524829}.Release|Durango.ActiveCfg = Release|Durango
		{123695BF-701F-4FD6-933E-BA3704524829}.Release|Durango.Build.0 = Release|Durango
		{123695BF-701F-4FD6-933E-BA3704524829}.Release|Mixed Platforms.ActiveCfg = Release|Win32
		{123695BF-701F-4FD6-933E-BA3704524829}.Release|Mixed Platforms.Build.0 = Release|Win32
		{123695BF-701F-4FD6-933E-BA3704524829}.Release|ORBIS.ActiveCfg = Release|Win32
		{123695BF-701F-4FD6-933E-BA3704524829}.Release|Win32.ActiveCfg = Release|Win32
		{123695BF-701F-4FD6-933E-BA3704524829}.Release|Win32.Build.0 = Release|Win32
		{123695BF-701F-4FD6-933E-BA3704524829}.Release|x64.ActiveCfg = Release|x64
		{123695BF-701F-4FD6-933E-BA3704524829}.Release|x64.Build.0 = Release|x64
		{123695BF-701F-4FD6-933E-BA3704524829}.ServerDLL|Durango.ActiveCfg = Release|Durango
		{123695BF-701F-4FD6-933E-BA3704524829}.ServerDLL|Durango.Build.0 = Release|Durango
		{123695BF-701F-4FD6-933E-BA3704524829}.ServerDLL|Mixed Platforms.ActiveCfg = Release|Win32
		{123695BF-701F-4FD6-933E-BA3704524829}.ServerDLL|Mixed Platforms.Build.0 = Release|Win32
		{123695BF-701F-4FD6-933E-BA3704524829}.ServerDLL|ORBIS.ActiveCfg = Release|x64
		{123695BF-701F-4FD6-933E-BA3704524829}.ServerDLL|ORBIS.Build.0 = Release|x64
		{123695BF-701F-4FD6-933E-BA3704524829}.ServerDLL|Win32.ActiveCfg = Release|Win32
		{123695BF-701F-4FD6-933E-BA3704524829}.ServerDLL|Win32.Build.0 = Release|Win32
		{123695BF-701F-4FD6-933E-BA3704524829}.ServerDLL|x64.ActiveCfg = Release|x64
		{123695BF-701F-4FD6-933E-BA3704524829}.ServerDLL|x64.Build.0 = Release|x64
		{F580B332-8131-4A0B-9608-D4016DFB8EA3}.Debug|Durango.ActiveCfg = Debug|Win32
		{F580B332-8131-4A0B-9608-D4016DFB8EA3}.Debug|Mixed Platforms.ActiveCfg = Debug|Win32
		{F580B332-8131-4A0B-9608-D4016DFB8EA3}.Debug|Mixed Platforms.Build.0 = Debug|Win32
		{F580B332-8131-4A0B-9608-D4016DFB8EA3}.Debug|ORBIS.ActiveCfg = Debug|Win32
		{F580B332-8131-4A0B-9608-D4016DFB8EA3}.Debug|Win32.ActiveCfg = Debug|Win32
		{F580B332-8131-4A0B-9608-D4016DFB8EA3}.Debug|Win32.Build.0 = Debug|Win32
		{F580B332-8131-4A0B-9608-D4016DFB8EA3}.Debug|x64.ActiveCfg = Debug|x64
		{F580B332-8131-4A0B-9608-D4016DFB8EA3}.Debug|x64.Build.0 = Debug|x64
		{F580B332-8131-4A0B-9608-D4016DFB8EA3}.Release|Durango.ActiveCfg = Release|Win32
		{F580B332-8131-4A0B-9608-D4016DFB8EA3}.Release|Mixed Platforms.ActiveCfg = Release|Win32
		{F580B332-8131-4A0B-9608-D4016DFB8EA3}.Release|Mixed Platforms.Build.0 = Release|Win32
		{F580B332-8131-4A0B-9608-D4016DFB8EA3}.Release|ORBIS.ActiveCfg = Release|Win32
		{F580B332-8131-4A0B-9608-D4016DFB8EA3}.Release|Win32.ActiveCfg = Release|Win32
		{F580B332-8131-4A0B-9608-D4016DFB8EA3}.Release|Win32.Build.0 = Release|Win32
		{F580B332-8131-4A0B-9608-D4016DFB8EA3}.Release|x64.ActiveCfg = Release|x64
		{F580B332-8131-4A0B-9608-D4016DFB8EA3}.Release|x64.Build.0 = Release|x64
		{F580B332-8131-4A0B-9608-D4016DFB8EA3}.ServerDLL|Durango.ActiveCfg = Release|x64
		{F580B332-8131-4A0B-9608-D4016DFB8EA3}.ServerDLL|Durango.Build.0 = Release|x64
		{F580B332-8131-4A0B-9608-D4016DFB8EA3}.ServerDLL|Mixed Platforms.ActiveCfg = Release|Win32
		{F580B332-8131-4A0B-9608-D4016DFB8EA3}.ServerDLL|Mixed Platforms.Build.0 = Release|Win32
		{F580B332-8131-4A0B-9608-D4016DFB8EA3}.ServerDLL|ORBIS.ActiveCfg = Release|x64
		{F580B332-8131-4A0B-9608-D4016DFB8EA3}.ServerDLL|ORBIS.Build.0 = Release|x64
		{F580B332-8131-4A0B-9608-D4016DFB8EA3}.ServerDLL|Win32.ActiveCfg = Release|Win32
		{F580B332-8131-4A0B-9608-D4016DFB8EA3}.ServerDLL|Win32.Build.0 = Release|Win32
		{F580B332-8131-4A0B-9608-D4016DFB8EA3}.ServerDLL|x64.ActiveCfg = Release|x64
		{F580B332-8131-4A0B-9608-D4016DFB8EA3}.ServerDLL|x64.Build.0 = Release|x64
	EndGlobalSection
	GlobalSection(SolutionProperties) = preSolution
		HideSolutionNode = FALSE
	EndGlobalSection
EndGlobal
